// !$*UTF8*$!
{
	archiveVersion = 1;
	classes = {
	};
	objectVersion = 55;
	objects = {

/* Begin PBXBuildFile section */
		AECAA3D528A08FED0080758C /* AppDelegate.swift in Sources */ = {isa = PBXBuildFile; fileRef = AECAA3D428A08FED0080758C /* AppDelegate.swift */; };
		AECAA3D728A08FED0080758C /* SceneDelegate.swift in Sources */ = {isa = PBXBuildFile; fileRef = AECAA3D628A08FED0080758C /* SceneDelegate.swift */; };
		AECAA3D928A08FED0080758C /* ViewController.swift in Sources */ = {isa = PBXBuildFile; fileRef = AECAA3D828A08FED0080758C /* ViewController.swift */; };
		AECAA3DC28A08FED0080758C /* Main.storyboard in Resources */ = {isa = PBXBuildFile; fileRef = AECAA3DA28A08FED0080758C /* Main.storyboard */; };
		AECAA3DE28A08FEF0080758C /* Assets.xcassets in Resources */ = {isa = PBXBuildFile; fileRef = AECAA3DD28A08FEF0080758C /* Assets.xcassets */; };
		AECAA3E128A08FEF0080758C /* LaunchScreen.storyboard in Resources */ = {isa = PBXBuildFile; fileRef = AECAA3DF28A08FEF0080758C /* LaunchScreen.storyboard */; };
		AECAA3E928A090060080758C /* .gitignore in Resources */ = {isa = PBXBuildFile; fileRef = AECAA3E828A090060080758C /* .gitignore */; };
		AECAA3EC28A0902E0080758C /* Alamofire in Frameworks */ = {isa = PBXBuildFile; productRef = AECAA3EB28A0902E0080758C /* Alamofire */; };
		AECAA3EF28A090390080758C /* Kingfisher in Frameworks */ = {isa = PBXBuildFile; productRef = AECAA3EE28A090390080758C /* Kingfisher */; };
		AECAA3F228A090460080758C /* SwiftyJSON in Frameworks */ = {isa = PBXBuildFile; productRef = AECAA3F128A090460080758C /* SwiftyJSON */; };
		AECAA3F428A091100080758C /* APIKey.swift in Sources */ = {isa = PBXBuildFile; fileRef = AECAA3F328A091100080758C /* APIKey.swift */; };
		AECAA3F828A0949A0080758C /* EndPoint.swift in Sources */ = {isa = PBXBuildFile; fileRef = AECAA3F728A0949A0080758C /* EndPoint.swift */; };
		AECAA3FA28A0950F0080758C /* URL+Extension.swift in Sources */ = {isa = PBXBuildFile; fileRef = AECAA3F928A0950F0080758C /* URL+Extension.swift */; };
		AECAA3FC28A0A78A0080758C /* KakaoAPIManager.swift in Sources */ = {isa = PBXBuildFile; fileRef = AECAA3FB28A0A7890080758C /* KakaoAPIManager.swift */; };
		AECAA3FE28A0ABEE0080758C /* ClosureViewController.swift in Sources */ = {isa = PBXBuildFile; fileRef = AECAA3FD28A0ABEE0080758C /* ClosureViewController.swift */; };
		AECAA40D28A1E0310080758C /* SeSACButton.swift in Sources */ = {isa = PBXBuildFile; fileRef = AECAA40C28A1E0310080758C /* SeSACButton.swift */; };
		AECAA40F28A1E6040080758C /* CardView.xib in Resources */ = {isa = PBXBuildFile; fileRef = AECAA40E28A1E6040080758C /* CardView.xib */; };
		AECAA41128A1E62B0080758C /* CardView.swift in Sources */ = {isa = PBXBuildFile; fileRef = AECAA41028A1E62B0080758C /* CardView.swift */; };
		AECAA41428A1F3710080758C /* CardCollectionViewCell.swift in Sources */ = {isa = PBXBuildFile; fileRef = AECAA41228A1F3710080758C /* CardCollectionViewCell.swift */; };
		AECAA41528A1F3710080758C /* CardCollectionViewCell.xib in Resources */ = {isa = PBXBuildFile; fileRef = AECAA41328A1F3710080758C /* CardCollectionViewCell.xib */; };
		AEEECB9228A1F63700CD70AA /* MainViewController.swift in Sources */ = {isa = PBXBuildFile; fileRef = AEEECB9128A1F63700CD70AA /* MainViewController.swift */; };
		AEEECB9428A1FC2400CD70AA /* MainTableViewCell.swift in Sources */ = {isa = PBXBuildFile; fileRef = AEEECB9328A1FC2400CD70AA /* MainTableViewCell.swift */; };
/* End PBXBuildFile section */

/* Begin PBXFileReference section */
		AECAA3D128A08FED0080758C /* SeSACWeek6_Project.app */ = {isa = PBXFileReference; explicitFileType = wrapper.application; includeInIndex = 0; path = SeSACWeek6_Project.app; sourceTree = BUILT_PRODUCTS_DIR; };
		AECAA3D428A08FED0080758C /* AppDelegate.swift */ = {isa = PBXFileReference; lastKnownFileType = sourcecode.swift; path = AppDelegate.swift; sourceTree = "<group>"; };
		AECAA3D628A08FED0080758C /* SceneDelegate.swift */ = {isa = PBXFileReference; lastKnownFileType = sourcecode.swift; path = SceneDelegate.swift; sourceTree = "<group>"; };
		AECAA3D828A08FED0080758C /* ViewController.swift */ = {isa = PBXFileReference; lastKnownFileType = sourcecode.swift; path = ViewController.swift; sourceTree = "<group>"; };
		AECAA3DB28A08FED0080758C /* Base */ = {isa = PBXFileReference; lastKnownFileType = file.storyboard; name = Base; path = Base.lproj/Main.storyboard; sourceTree = "<group>"; };
		AECAA3DD28A08FEF0080758C /* Assets.xcassets */ = {isa = PBXFileReference; lastKnownFileType = folder.assetcatalog; path = Assets.xcassets; sourceTree = "<group>"; };
		AECAA3E028A08FEF0080758C /* Base */ = {isa = PBXFileReference; lastKnownFileType = file.storyboard; name = Base; path = Base.lproj/LaunchScreen.storyboard; sourceTree = "<group>"; };
		AECAA3E228A08FEF0080758C /* Info.plist */ = {isa = PBXFileReference; lastKnownFileType = text.plist.xml; path = Info.plist; sourceTree = "<group>"; };
		AECAA3E828A090060080758C /* .gitignore */ = {isa = PBXFileReference; lastKnownFileType = text; path = .gitignore; sourceTree = "<group>"; };
		AECAA3F328A091100080758C /* APIKey.swift */ = {isa = PBXFileReference; lastKnownFileType = sourcecode.swift; path = APIKey.swift; sourceTree = "<group>"; };
		AECAA3F728A0949A0080758C /* EndPoint.swift */ = {isa = PBXFileReference; lastKnownFileType = sourcecode.swift; path = EndPoint.swift; sourceTree = "<group>"; };
		AECAA3F928A0950F0080758C /* URL+Extension.swift */ = {isa = PBXFileReference; lastKnownFileType = sourcecode.swift; path = "URL+Extension.swift"; sourceTree = "<group>"; };
		AECAA3FB28A0A7890080758C /* KakaoAPIManager.swift */ = {isa = PBXFileReference; lastKnownFileType = sourcecode.swift; path = KakaoAPIManager.swift; sourceTree = "<group>"; };
		AECAA3FD28A0ABEE0080758C /* ClosureViewController.swift */ = {isa = PBXFileReference; lastKnownFileType = sourcecode.swift; path = ClosureViewController.swift; sourceTree = "<group>"; };
		AECAA40C28A1E0310080758C /* SeSACButton.swift */ = {isa = PBXFileReference; lastKnownFileType = sourcecode.swift; path = SeSACButton.swift; sourceTree = "<group>"; };
		AECAA40E28A1E6040080758C /* CardView.xib */ = {isa = PBXFileReference; lastKnownFileType = file.xib; path = CardView.xib; sourceTree = "<group>"; };
		AECAA41028A1E62B0080758C /* CardView.swift */ = {isa = PBXFileReference; lastKnownFileType = sourcecode.swift; path = CardView.swift; sourceTree = "<group>"; };
		AECAA41228A1F3710080758C /* CardCollectionViewCell.swift */ = {isa = PBXFileReference; lastKnownFileType = sourcecode.swift; path = CardCollectionViewCell.swift; sourceTree = "<group>"; };
		AECAA41328A1F3710080758C /* CardCollectionViewCell.xib */ = {isa = PBXFileReference; lastKnownFileType = file.xib; path = CardCollectionViewCell.xib; sourceTree = "<group>"; };
		AEEECB9128A1F63700CD70AA /* MainViewController.swift */ = {isa = PBXFileReference; lastKnownFileType = sourcecode.swift; path = MainViewController.swift; sourceTree = "<group>"; };
		AEEECB9328A1FC2400CD70AA /* MainTableViewCell.swift */ = {isa = PBXFileReference; lastKnownFileType = sourcecode.swift; path = MainTableViewCell.swift; sourceTree = "<group>"; };
/* End PBXFileReference section */

/* Begin PBXFrameworksBuildPhase section */
		AECAA3CE28A08FED0080758C /* Frameworks */ = {
			isa = PBXFrameworksBuildPhase;
			buildActionMask = 2147483647;
			files = (
				AECAA3F228A090460080758C /* SwiftyJSON in Frameworks */,
				AECAA3EF28A090390080758C /* Kingfisher in Frameworks */,
				AECAA3EC28A0902E0080758C /* Alamofire in Frameworks */,
			);
			runOnlyForDeploymentPostprocessing = 0;
		};
/* End PBXFrameworksBuildPhase section */

/* Begin PBXGroup section */
		AECAA3C828A08FED0080758C = {
			isa = PBXGroup;
			children = (
				AECAA3E828A090060080758C /* .gitignore */,
				AECAA3D328A08FED0080758C /* SeSACWeek6_Project */,
				AECAA3D228A08FED0080758C /* Products */,
			);
			sourceTree = "<group>";
		};
		AECAA3D228A08FED0080758C /* Products */ = {
			isa = PBXGroup;
			children = (
				AECAA3D128A08FED0080758C /* SeSACWeek6_Project.app */,
			);
			name = Products;
			sourceTree = "<group>";
		};
		AECAA3D328A08FED0080758C /* SeSACWeek6_Project */ = {
			isa = PBXGroup;
			children = (
				AECAA40B28A1DFE10080758C /* View */,
				AECAA3D428A08FED0080758C /* AppDelegate.swift */,
				AECAA3D628A08FED0080758C /* SceneDelegate.swift */,
				AECAA3D828A08FED0080758C /* ViewController.swift */,
				AECAA3DA28A08FED0080758C /* Main.storyboard */,
				AEEECB9128A1F63700CD70AA /* MainViewController.swift */,
				AECAA3FD28A0ABEE0080758C /* ClosureViewController.swift */,
				AECAA3DD28A08FEF0080758C /* Assets.xcassets */,
				AECAA3DF28A08FEF0080758C /* LaunchScreen.storyboard */,
				AECAA3E228A08FEF0080758C /* Info.plist */,
				AECAA3F628A094840080758C /* Network */,
				AECAA3F528A091BF0080758C /* APIKey */,
			);
			path = SeSACWeek6_Project;
			sourceTree = "<group>";
		};
		AECAA3F528A091BF0080758C /* APIKey */ = {
			isa = PBXGroup;
			children = (
				AECAA3F328A091100080758C /* APIKey.swift */,
			);
			path = APIKey;
			sourceTree = "<group>";
		};
		AECAA3F628A094840080758C /* Network */ = {
			isa = PBXGroup;
			children = (
				AECAA3F728A0949A0080758C /* EndPoint.swift */,
				AECAA3F928A0950F0080758C /* URL+Extension.swift */,
				AECAA3FB28A0A7890080758C /* KakaoAPIManager.swift */,
			);
			path = Network;
			sourceTree = "<group>";
		};
		AECAA40B28A1DFE10080758C /* View */ = {
			isa = PBXGroup;
			children = (
				AECAA40C28A1E0310080758C /* SeSACButton.swift */,
				AECAA40E28A1E6040080758C /* CardView.xib */,
				AECAA41028A1E62B0080758C /* CardView.swift */,
				AECAA41228A1F3710080758C /* CardCollectionViewCell.swift */,
				AECAA41328A1F3710080758C /* CardCollectionViewCell.xib */,
				AEEECB9328A1FC2400CD70AA /* MainTableViewCell.swift */,
			);
			path = View;
			sourceTree = "<group>";
		};
/* End PBXGroup section */

/* Begin PBXNativeTarget section */
		AECAA3D028A08FED0080758C /* SeSACWeek6_Project */ = {
			isa = PBXNativeTarget;
			buildConfigurationList = AECAA3E528A08FEF0080758C /* Build configuration list for PBXNativeTarget "SeSACWeek6_Project" */;
			buildPhases = (
				AECAA3CD28A08FED0080758C /* Sources */,
				AECAA3CE28A08FED0080758C /* Frameworks */,
				AECAA3CF28A08FED0080758C /* Resources */,
			);
			buildRules = (
			);
			dependencies = (
			);
			name = SeSACWeek6_Project;
			packageProductDependencies = (
				AECAA3EB28A0902E0080758C /* Alamofire */,
				AECAA3EE28A090390080758C /* Kingfisher */,
				AECAA3F128A090460080758C /* SwiftyJSON */,
			);
			productName = SeSACWeek6_Project;
			productReference = AECAA3D128A08FED0080758C /* SeSACWeek6_Project.app */;
			productType = "com.apple.product-type.application";
		};
/* End PBXNativeTarget section */

/* Begin PBXProject section */
		AECAA3C928A08FED0080758C /* Project object */ = {
			isa = PBXProject;
			attributes = {
				BuildIndependentTargetsInParallel = 1;
				LastSwiftUpdateCheck = 1340;
				LastUpgradeCheck = 1340;
				TargetAttributes = {
					AECAA3D028A08FED0080758C = {
						CreatedOnToolsVersion = 13.4.1;
					};
				};
			};
			buildConfigurationList = AECAA3CC28A08FED0080758C /* Build configuration list for PBXProject "SeSACWeek6_Project" */;
			compatibilityVersion = "Xcode 13.0";
			developmentRegion = en;
			hasScannedForEncodings = 0;
			knownRegions = (
				en,
				Base,
			);
			mainGroup = AECAA3C828A08FED0080758C;
			packageReferences = (
				AECAA3EA28A0902E0080758C /* XCRemoteSwiftPackageReference "Alamofire" */,
				AECAA3ED28A090390080758C /* XCRemoteSwiftPackageReference "Kingfisher" */,
				AECAA3F028A090460080758C /* XCRemoteSwiftPackageReference "SwiftyJSON" */,
			);
			productRefGroup = AECAA3D228A08FED0080758C /* Products */;
			projectDirPath = "";
			projectRoot = "";
			targets = (
				AECAA3D028A08FED0080758C /* SeSACWeek6_Project */,
			);
		};
/* End PBXProject section */

/* Begin PBXResourcesBuildPhase section */
		AECAA3CF28A08FED0080758C /* Resources */ = {
			isa = PBXResourcesBuildPhase;
			buildActionMask = 2147483647;
			files = (
				AECAA3E928A090060080758C /* .gitignore in Resources */,
				AECAA3E128A08FEF0080758C /* LaunchScreen.storyboard in Resources */,
				AECAA40F28A1E6040080758C /* CardView.xib in Resources */,
				AECAA3DE28A08FEF0080758C /* Assets.xcassets in Resources */,
				AECAA41528A1F3710080758C /* CardCollectionViewCell.xib in Resources */,
				AECAA3DC28A08FED0080758C /* Main.storyboard in Resources */,
			);
			runOnlyForDeploymentPostprocessing = 0;
		};
/* End PBXResourcesBuildPhase section */

/* Begin PBXSourcesBuildPhase section */
		AECAA3CD28A08FED0080758C /* Sources */ = {
			isa = PBXSourcesBuildPhase;
			buildActionMask = 2147483647;
			files = (
				AEEECB9428A1FC2400CD70AA /* MainTableViewCell.swift in Sources */,
				AECAA3D928A08FED0080758C /* ViewController.swift in Sources */,
				AECAA3D528A08FED0080758C /* AppDelegate.swift in Sources */,
				AECAA3FE28A0ABEE0080758C /* ClosureViewController.swift in Sources */,
				AEEECB9228A1F63700CD70AA /* MainViewController.swift in Sources */,
				AECAA41428A1F3710080758C /* CardCollectionViewCell.swift in Sources */,
				AECAA3F828A0949A0080758C /* EndPoint.swift in Sources */,
				AECAA41128A1E62B0080758C /* CardView.swift in Sources */,
				AECAA3F428A091100080758C /* APIKey.swift in Sources */,
				AECAA40D28A1E0310080758C /* SeSACButton.swift in Sources */,
				AECAA3FC28A0A78A0080758C /* KakaoAPIManager.swift in Sources */,
				AECAA3D728A08FED0080758C /* SceneDelegate.swift in Sources */,
				AECAA3FA28A0950F0080758C /* URL+Extension.swift in Sources */,
			);
			runOnlyForDeploymentPostprocessing = 0;
		};
/* End PBXSourcesBuildPhase section */

/* Begin PBXVariantGroup section */
		AECAA3DA28A08FED0080758C /* Main.storyboard */ = {
			isa = PBXVariantGroup;
			children = (
				AECAA3DB28A08FED0080758C /* Base */,
			);
			name = Main.storyboard;
			sourceTree = "<group>";
		};
		AECAA3DF28A08FEF0080758C /* LaunchScreen.storyboard */ = {
			isa = PBXVariantGroup;
			children = (
				AECAA3E028A08FEF0080758C /* Base */,
			);
			name = LaunchScreen.storyboard;
			sourceTree = "<group>";
		};
/* End PBXVariantGroup section */

/* Begin XCBuildConfiguration section */
		AECAA3E328A08FEF0080758C /* Debug */ = {
			isa = XCBuildConfiguration;
			buildSettings = {
				ALWAYS_SEARCH_USER_PATHS = NO;
				CLANG_ANALYZER_NONNULL = YES;
				CLANG_ANALYZER_NUMBER_OBJECT_CONVERSION = YES_AGGRESSIVE;
				CLANG_CXX_LANGUAGE_STANDARD = "gnu++17";
				CLANG_ENABLE_MODULES = YES;
				CLANG_ENABLE_OBJC_ARC = YES;
				CLANG_ENABLE_OBJC_WEAK = YES;
				CLANG_WARN_BLOCK_CAPTURE_AUTORELEASING = YES;
				CLANG_WARN_BOOL_CONVERSION = YES;
				CLANG_WARN_COMMA = YES;
				CLANG_WARN_CONSTANT_CONVERSION = YES;
				CLANG_WARN_DEPRECATED_OBJC_IMPLEMENTATIONS = YES;
				CLANG_WARN_DIRECT_OBJC_ISA_USAGE = YES_ERROR;
				CLANG_WARN_DOCUMENTATION_COMMENTS = YES;
				CLANG_WARN_EMPTY_BODY = YES;
				CLANG_WARN_ENUM_CONVERSION = YES;
				CLANG_WARN_INFINITE_RECURSION = YES;
				CLANG_WARN_INT_CONVERSION = YES;
				CLANG_WARN_NON_LITERAL_NULL_CONVERSION = YES;
				CLANG_WARN_OBJC_IMPLICIT_RETAIN_SELF = YES;
				CLANG_WARN_OBJC_LITERAL_CONVERSION = YES;
				CLANG_WARN_OBJC_ROOT_CLASS = YES_ERROR;
				CLANG_WARN_QUOTED_INCLUDE_IN_FRAMEWORK_HEADER = YES;
				CLANG_WARN_RANGE_LOOP_ANALYSIS = YES;
				CLANG_WARN_STRICT_PROTOTYPES = YES;
				CLANG_WARN_SUSPICIOUS_MOVE = YES;
				CLANG_WARN_UNGUARDED_AVAILABILITY = YES_AGGRESSIVE;
				CLANG_WARN_UNREACHABLE_CODE = YES;
				CLANG_WARN__DUPLICATE_METHOD_MATCH = YES;
				COPY_PHASE_STRIP = NO;
				DEBUG_INFORMATION_FORMAT = dwarf;
				ENABLE_STRICT_OBJC_MSGSEND = YES;
				ENABLE_TESTABILITY = YES;
				GCC_C_LANGUAGE_STANDARD = gnu11;
				GCC_DYNAMIC_NO_PIC = NO;
				GCC_NO_COMMON_BLOCKS = YES;
				GCC_OPTIMIZATION_LEVEL = 0;
				GCC_PREPROCESSOR_DEFINITIONS = (
					"DEBUG=1",
					"$(inherited)",
				);
				GCC_WARN_64_TO_32_BIT_CONVERSION = YES;
				GCC_WARN_ABOUT_RETURN_TYPE = YES_ERROR;
				GCC_WARN_UNDECLARED_SELECTOR = YES;
				GCC_WARN_UNINITIALIZED_AUTOS = YES_AGGRESSIVE;
				GCC_WARN_UNUSED_FUNCTION = YES;
				GCC_WARN_UNUSED_VARIABLE = YES;
				IPHONEOS_DEPLOYMENT_TARGET = 15.5;
				MTL_ENABLE_DEBUG_INFO = INCLUDE_SOURCE;
				MTL_FAST_MATH = YES;
				ONLY_ACTIVE_ARCH = YES;
				SDKROOT = iphoneos;
				SWIFT_ACTIVE_COMPILATION_CONDITIONS = DEBUG;
				SWIFT_OPTIMIZATION_LEVEL = "-Onone";
			};
			name = Debug;
		};
		AECAA3E428A08FEF0080758C /* Release */ = {
			isa = XCBuildConfiguration;
			buildSettings = {
				ALWAYS_SEARCH_USER_PATHS = NO;
				CLANG_ANALYZER_NONNULL = YES;
				CLANG_ANALYZER_NUMBER_OBJECT_CONVERSION = YES_AGGRESSIVE;
				CLANG_CXX_LANGUAGE_STANDARD = "gnu++17";
				CLANG_ENABLE_MODULES = YES;
				CLANG_ENABLE_OBJC_ARC = YES;
				CLANG_ENABLE_OBJC_WEAK = YES;
				CLANG_WARN_BLOCK_CAPTURE_AUTORELEASING = YES;
				CLANG_WARN_BOOL_CONVERSION = YES;
				CLANG_WARN_COMMA = YES;
				CLANG_WARN_CONSTANT_CONVERSION = YES;
				CLANG_WARN_DEPRECATED_OBJC_IMPLEMENTATIONS = YES;
				CLANG_WARN_DIRECT_OBJC_ISA_USAGE = YES_ERROR;
				CLANG_WARN_DOCUMENTATION_COMMENTS = YES;
				CLANG_WARN_EMPTY_BODY = YES;
				CLANG_WARN_ENUM_CONVERSION = YES;
				CLANG_WARN_INFINITE_RECURSION = YES;
				CLANG_WARN_INT_CONVERSION = YES;
				CLANG_WARN_NON_LITERAL_NULL_CONVERSION = YES;
				CLANG_WARN_OBJC_IMPLICIT_RETAIN_SELF = YES;
				CLANG_WARN_OBJC_LITERAL_CONVERSION = YES;
				CLANG_WARN_OBJC_ROOT_CLASS = YES_ERROR;
				CLANG_WARN_QUOTED_INCLUDE_IN_FRAMEWORK_HEADER = YES;
				CLANG_WARN_RANGE_LOOP_ANALYSIS = YES;
				CLANG_WARN_STRICT_PROTOTYPES = YES;
				CLANG_WARN_SUSPICIOUS_MOVE = YES;
				CLANG_WARN_UNGUARDED_AVAILABILITY = YES_AGGRESSIVE;
				CLANG_WARN_UNREACHABLE_CODE = YES;
				CLANG_WARN__DUPLICATE_METHOD_MATCH = YES;
				COPY_PHASE_STRIP = NO;
				DEBUG_INFORMATION_FORMAT = "dwarf-with-dsym";
				ENABLE_NS_ASSERTIONS = NO;
				ENABLE_STRICT_OBJC_MSGSEND = YES;
				GCC_C_LANGUAGE_STANDARD = gnu11;
				GCC_NO_COMMON_BLOCKS = YES;
				GCC_WARN_64_TO_32_BIT_CONVERSION = YES;
				GCC_WARN_ABOUT_RETURN_TYPE = YES_ERROR;
				GCC_WARN_UNDECLARED_SELECTOR = YES;
				GCC_WARN_UNINITIALIZED_AUTOS = YES_AGGRESSIVE;
				GCC_WARN_UNUSED_FUNCTION = YES;
				GCC_WARN_UNUSED_VARIABLE = YES;
				IPHONEOS_DEPLOYMENT_TARGET = 15.5;
				MTL_ENABLE_DEBUG_INFO = NO;
				MTL_FAST_MATH = YES;
				SDKROOT = iphoneos;
				SWIFT_COMPILATION_MODE = wholemodule;
				SWIFT_OPTIMIZATION_LEVEL = "-O";
				VALIDATE_PRODUCT = YES;
			};
			name = Release;
		};
		AECAA3E628A08FEF0080758C /* Debug */ = {
			isa = XCBuildConfiguration;
			buildSettings = {
				ASSETCATALOG_COMPILER_APPICON_NAME = AppIcon;
				ASSETCATALOG_COMPILER_GLOBAL_ACCENT_COLOR_NAME = AccentColor;
				CODE_SIGN_STYLE = Automatic;
				CURRENT_PROJECT_VERSION = 1;
				DEVELOPMENT_TEAM = B2VD6SF7B9;
				GENERATE_INFOPLIST_FILE = YES;
				INFOPLIST_FILE = SeSACWeek6_Project/Info.plist;
				INFOPLIST_KEY_UIApplicationSupportsIndirectInputEvents = YES;
				INFOPLIST_KEY_UILaunchStoryboardName = LaunchScreen;
				INFOPLIST_KEY_UIMainStoryboardFile = Main;
				INFOPLIST_KEY_UISupportedInterfaceOrientations = "UIInterfaceOrientationPortrait UIInterfaceOrientationLandscapeLeft UIInterfaceOrientationLandscapeRight";
				INFOPLIST_KEY_UISupportedInterfaceOrientations_iPad = "UIInterfaceOrientationPortrait UIInterfaceOrientationPortraitUpsideDown UIInterfaceOrientationLandscapeLeft UIInterfaceOrientationLandscapeRight";
				INFOPLIST_KEY_UISupportedInterfaceOrientations_iPhone = "UIInterfaceOrientationPortrait UIInterfaceOrientationLandscapeLeft UIInterfaceOrientationLandscapeRight";
				LD_RUNPATH_SEARCH_PATHS = (
					"$(inherited)",
					"@executable_path/Frameworks",
				);
				MARKETING_VERSION = 1.0;
				PRODUCT_BUNDLE_IDENTIFIER = "yeojin.SeSAC.SeSACWeek6-Project";
				PRODUCT_NAME = "$(TARGET_NAME)";
				SWIFT_EMIT_LOC_STRINGS = YES;
				SWIFT_VERSION = 5.0;
				TARGETED_DEVICE_FAMILY = "1,2";
			};
			name = Debug;
		};
		AECAA3E728A08FEF0080758C /* Release */ = {
			isa = XCBuildConfiguration;
			buildSettings = {
				ASSETCATALOG_COMPILER_APPICON_NAME = AppIcon;
				ASSETCATALOG_COMPILER_GLOBAL_ACCENT_COLOR_NAME = AccentColor;
				CODE_SIGN_STYLE = Automatic;
				CURRENT_PROJECT_VERSION = 1;
				DEVELOPMENT_TEAM = B2VD6SF7B9;
				GENERATE_INFOPLIST_FILE = YES;
				INFOPLIST_FILE = SeSACWeek6_Project/Info.plist;
				INFOPLIST_KEY_UIApplicationSupportsIndirectInputEvents = YES;
				INFOPLIST_KEY_UILaunchStoryboardName = LaunchScreen;
				INFOPLIST_KEY_UIMainStoryboardFile = Main;
				INFOPLIST_KEY_UISupportedInterfaceOrientations = "UIInterfaceOrientationPortrait UIInterfaceOrientationLandscapeLeft UIInterfaceOrientationLandscapeRight";
				INFOPLIST_KEY_UISupportedInterfaceOrientations_iPad = "UIInterfaceOrientationPortrait UIInterfaceOrientationPortraitUpsideDown UIInterfaceOrientationLandscapeLeft UIInterfaceOrientationLandscapeRight";
				INFOPLIST_KEY_UISupportedInterfaceOrientations_iPhone = "UIInterfaceOrientationPortrait UIInterfaceOrientationLandscapeLeft UIInterfaceOrientationLandscapeRight";
				LD_RUNPATH_SEARCH_PATHS = (
					"$(inherited)",
					"@executable_path/Frameworks",
				);
				MARKETING_VERSION = 1.0;
				PRODUCT_BUNDLE_IDENTIFIER = "yeojin.SeSAC.SeSACWeek6-Project";
				PRODUCT_NAME = "$(TARGET_NAME)";
				SWIFT_EMIT_LOC_STRINGS = YES;
				SWIFT_VERSION = 5.0;
				TARGETED_DEVICE_FAMILY = "1,2";
			};
			name = Release;
		};
/* End XCBuildConfiguration section */

/* Begin XCConfigurationList section */
		AECAA3CC28A08FED0080758C /* Build configuration list for PBXProject "SeSACWeek6_Project" */ = {
			isa = XCConfigurationList;
			buildConfigurations = (
				AECAA3E328A08FEF0080758C /* Debug */,
				AECAA3E428A08FEF0080758C /* Release */,
			);
			defaultConfigurationIsVisible = 0;
			defaultConfigurationName = Release;
		};
		AECAA3E528A08FEF0080758C /* Build configuration list for PBXNativeTarget "SeSACWeek6_Project" */ = {
			isa = XCConfigurationList;
			buildConfigurations = (
				AECAA3E628A08FEF0080758C /* Debug */,
				AECAA3E728A08FEF0080758C /* Release */,
			);
			defaultConfigurationIsVisible = 0;
			defaultConfigurationName = Release;
		};
/* End XCConfigurationList section */

/* Begin XCRemoteSwiftPackageReference section */
		AECAA3EA28A0902E0080758C /* XCRemoteSwiftPackageReference "Alamofire" */ = {
			isa = XCRemoteSwiftPackageReference;
			repositoryURL = "https://github.com/Alamofire/Alamofire.git";
			requirement = {
				kind = upToNextMajorVersion;
				minimumVersion = 5.0.0;
			};
		};
		AECAA3ED28A090390080758C /* XCRemoteSwiftPackageReference "Kingfisher" */ = {
			isa = XCRemoteSwiftPackageReference;
			repositoryURL = "https://github.com/onevcat/Kingfisher.git";
			requirement = {
				kind = upToNextMajorVersion;
				minimumVersion = 7.0.0;
			};
		};
		AECAA3F028A090460080758C /* XCRemoteSwiftPackageReference "SwiftyJSON" */ = {
			isa = XCRemoteSwiftPackageReference;
			repositoryURL = "https://github.com/SwiftyJSON/SwiftyJSON.git";
			requirement = {
				kind = upToNextMajorVersion;
				minimumVersion = 5.0.0;
			};
		};
/* End XCRemoteSwiftPackageReference section */

/* Begin XCSwiftPackageProductDependency section */
		AECAA3EB28A0902E0080758C /* Alamofire */ = {
			isa = XCSwiftPackageProductDependency;
			package = AECAA3EA28A0902E0080758C /* XCRemoteSwiftPackageReference "Alamofire" */;
			productName = Alamofire;
		};
		AECAA3EE28A090390080758C /* Kingfisher */ = {
			isa = XCSwiftPackageProductDependency;
			package = AECAA3ED28A090390080758C /* XCRemoteSwiftPackageReference "Kingfisher" */;
			productName = Kingfisher;
		};
		AECAA3F128A090460080758C /* SwiftyJSON */ = {
			isa = XCSwiftPackageProductDependency;
			package = AECAA3F028A090460080758C /* XCRemoteSwiftPackageReference "SwiftyJSON" */;
			productName = SwiftyJSON;
		};
/* End XCSwiftPackageProductDependency section */
	};
	rootObject = AECAA3C928A08FED0080758C /* Project object */;
}
